{
  "name": "cicd",
  "version": "1.0.0",
  "lockfileVersion": 3,
  "requires": true,
  "packages": {
    "": {
      "name": "cicd",
      "version": "1.0.0",
      "license": "ISC",
      "dependencies": {
        "dotenv": "^17.3.1",
        "liquibase": "^4.28.1"
      }
    },
    "node_modules/dotenv": {
      "version": "17.3.1",
      "resolved": "https://registry.npmjs.org/dotenv/-/dotenv-17.3.1.tgz",
      "integrity": "sha512-IO8C/dzEb6O3F9/twg6ZLXz164a2fhTnEWb95H23Dm4OuN+92NmEAlTrupP9VW6Jm3sO26tQlqyvyi4CsnY9GA==",
      "license": "BSD-2-Clause",
      "engines": {
        "node": ">=12"
      },
      "funding": {
        "url": "https://dotenvx.com"
      }
    },
    "node_modules/liquibase": {
      "version": "4.28.1",
      "resolved": "https://registry.npmjs.org/liquibase/-/liquibase-4.28.1.tgz",
      "integrity": "sha512-UZCRA3wWYd57mt/fWkYZCpgOGrPWX/C6UGMd4uDCKxWA46Y6170Xq/YWDzMffNTKB61aMNkHCxvXrx/Ps5XINg==",
      "license": "MIT",
      "bin": {
        "node-liquibase": "dist/cli.js"
      },
      "engines": {
        "node": ">=6.9.0"
      }
    }
  }
}
